lockfileVersion: '9.0'

settings:
  autoInstallPeers: true
  excludeLinksFromLockfile: false

importers:

  .:
    devDependencies:
      lefthook:
        specifier: ^1.11.13
        version: 1.11.13

packages:

  lefthook-darwin-arm64@1.11.13:
    resolution: {integrity: sha512-gHwHofXupCtzNLN+8esdWfFTnAEkmBxE/WKA0EwxPPJXdZYa1GUsiG5ipq/CdG/0j8ekYyM9Hzyrrk5BqJ42xw==}
    cpu: [arm64]
    os: [darwin]

  lefthook-darwin-x64@1.11.13:
    resolution: {integrity: sha512-zYxkWNUirmTidhskY9J9AwxvdMi3YKH+TqZ3AQ1EOqkOwPBWJQW5PbnzsXDrd3YnrtZScYm/tE/moXJpEPPIpQ==}
    cpu: [x64]
    os: [darwin]

  lefthook-freebsd-arm64@1.11.13:
    resolution: {integrity: sha512-gJzWnllcMcivusmPorEkXPpEciKotlBHn7QxWwYaSjss/U3YdZu+NTjDO30b3qeiVlyq4RAZ4BPKJODXxHHwUA==}
    cpu: [arm64]
    os: [freebsd]

  lefthook-freebsd-x64@1.11.13:
    resolution: {integrity: sha512-689XdchgtDvZQWFFx1szUvm/mqrq/v6laki0odq5FAfcSgUeLu3w+z6UicBS5l55eFJuQTDNKARFqrKJ04e+Vw==}
    cpu: [x64]
    os: [freebsd]

  lefthook-linux-arm64@1.11.13:
    resolution: {integrity: sha512-ujCLbaZg5S/Ao8KZAcNSb+Y3gl898ZEM0YKyiZmZo22dFFpm/5gcV46pF3xaqIw5IpH+3YYDTKDU+qTetmARyQ==}
    cpu: [arm64]
    os: [linux]

  lefthook-linux-x64@1.11.13:
    resolution: {integrity: sha512-O5WdodeBtFOXQlvPcckqp4W/yqVM9DbVQBkvOxwSJlmsxO4sGYK1TqdxH9ihLB85B2kPPssZj9ze36/oizzhVQ==}
    cpu: [x64]
    os: [linux]

  lefthook-openbsd-arm64@1.11.13:
    resolution: {integrity: sha512-SyBpciUfvY/lUDbZu7L6MtL/SVG2+yMTckBgb4PdJQhJlisY0IsyOYdlTw2icPPrY7JnwdsFv8UW0EJOB76W4g==}
    cpu: [arm64]
    os: [openbsd]

  lefthook-openbsd-x64@1.11.13:
    resolution: {integrity: sha512-6+/0j6O2dzo9cjTWUKfL2J6hRR7Krna/ssqnW8cWh8QHZKO9WJn34epto9qgjeHwSysou8byI7Mwv5zOGthLCQ==}
    cpu: [x64]
    os: [openbsd]

  lefthook-windows-arm64@1.11.13:
    resolution: {integrity: sha512-w5TwZ8bsZ17uOMtYGc5oEb4tCHjNTSeSXRy6H9Yic8E7IsPZtZLkaZGnIIwgXFuhhrcCdc6FuTvKt2tyV7EW2g==}
    cpu: [arm64]
    os: [win32]

  lefthook-windows-x64@1.11.13:
    resolution: {integrity: sha512-7lvwnIs8CNOXKU4y3i1Pbqna+QegIORkSD2VCuHBNpIJ8H84NpjoG3tKU91IM/aI1a2eUvCk+dw+1rfMRz7Ytg==}
    cpu: [x64]
    os: [win32]

  lefthook@1.11.13:
    resolution: {integrity: sha512-SDTk3D4nW1XRpR9u9fdYQ/qj1xeZVIwZmIFdJUnyq+w9ZLdCCvIrOmtD8SFiJowSevISjQDC+f9nqyFXUxc0SQ==}
    hasBin: true

snapshots:

  lefthook-darwin-arm64@1.11.13:
    optional: true

  lefthook-darwin-x64@1.11.13:
    optional: true

  lefthook-freebsd-arm64@1.11.13:
    optional: true

  lefthook-freebsd-x64@1.11.13:
    optional: true

  lefthook-linux-arm64@1.11.13:
    optional: true

  lefthook-linux-x64@1.11.13:
    optional: true

  lefthook-openbsd-arm64@1.11.13:
    optional: true

  lefthook-openbsd-x64@1.11.13:
    optional: true

  lefthook-windows-arm64@1.11.13:
    optional: true

  lefthook-windows-x64@1.11.13:
    optional: true

  lefthook@1.11.13:
    optionalDependencies:
      lefthook-darwin-arm64: 1.11.13
      lefthook-darwin-x64: 1.11.13
      lefthook-freebsd-arm64: 1.11.13
      lefthook-freebsd-x64: 1.11.13
      lefthook-linux-arm64: 1.11.13
      lefthook-linux-x64: 1.11.13
      lefthook-openbsd-arm64: 1.11.13
      lefthook-openbsd-x64: 1.11.13
      lefthook-windows-arm64: 1.11.13
      lefthook-windows-x64: 1.11.13
